// !$*UTF8*$!
{
	archiveVersion = 1;
	classes = {
	};
	objectVersion = 56;
	objects = {

/* Begin PBXBuildFile section */
		9368F52C2CCA9A3D00EB8AF2 /* ConnectivityProvider.swift in Sources */ = {isa = PBXBuildFile; fileRef = 9368F52B2CCA9A3D00EB8AF2 /* ConnectivityProvider.swift */; };
		9368F52E2CCA9DCF00EB8AF2 /* BatteryMetricsViewModel.swift in Sources */ = {isa = PBXBuildFile; fileRef = 9368F52D2CCA9DCF00EB8AF2 /* BatteryMetricsViewModel.swift */; };
		9368F5302CCAA41800EB8AF2 /* GradientView.swift in Sources */ = {isa = PBXBuildFile; fileRef = 9368F52F2CCAA41800EB8AF2 /* GradientView.swift */; };
		9382A1072CCA91330084D928 /* watch2App.swift in Sources */ = {isa = PBXBuildFile; fileRef = 9382A1062CCA91330084D928 /* watch2App.swift */; };
		9382A1092CCA91330084D928 /* ContentView.swift in Sources */ = {isa = PBXBuildFile; fileRef = 9382A1082CCA91330084D928 /* ContentView.swift */; };
		9382A10B2CCA91340084D928 /* Assets.xcassets in Resources */ = {isa = PBXBuildFile; fileRef = 9382A10A2CCA91340084D928 /* Assets.xcassets */; };
		9382A10E2CCA91340084D928 /* Preview Assets.xcassets in Resources */ = {isa = PBXBuildFile; fileRef = 9382A10D2CCA91340084D928 /* Preview Assets.xcassets */; };
		9382A11B2CCA91470084D928 /* watchosApp.swift in Sources */ = {isa = PBXBuildFile; fileRef = 9382A11A2CCA91470084D928 /* watchosApp.swift */; };
		9382A11D2CCA91470084D928 /* ContentView.swift in Sources */ = {isa = PBXBuildFile; fileRef = 9382A11C2CCA91470084D928 /* ContentView.swift */; };
		9382A11F2CCA91480084D928 /* Assets.xcassets in Resources */ = {isa = PBXBuildFile; fileRef = 9382A11E2CCA91480084D928 /* Assets.xcassets */; };
		9382A1222CCA91480084D928 /* Preview Assets.xcassets in Resources */ = {isa = PBXBuildFile; fileRef = 9382A1212CCA91480084D928 /* Preview Assets.xcassets */; };
		9382A1252CCA91480084D928 /* watchos Watch App.app in Embed Watch Content */ = {isa = PBXBuildFile; fileRef = 9382A1182CCA91470084D928 /* watchos Watch App.app */; settings = {ATTRIBUTES = (RemoveHeadersOnCopy, ); }; };
		9382A12B2CCA91880084D928 /* SliderControlView.swift in Sources */ = {isa = PBXBuildFile; fileRef = 9382A12A2CCA91880084D928 /* SliderControlView.swift */; };
		9382A12D2CCA922F0084D928 /* ConnectivityProvider.swift in Sources */ = {isa = PBXBuildFile; fileRef = 9382A12C2CCA922F0084D928 /* ConnectivityProvider.swift */; };
		9382A12F2CCA92550084D928 /* BatteryMetricsView.swift in Sources */ = {isa = PBXBuildFile; fileRef = 9382A12E2CCA92550084D928 /* BatteryMetricsView.swift */; };
/* End PBXBuildFile section */

/* Begin PBXContainerItemProxy section */
		9382A1232CCA91480084D928 /* PBXContainerItemProxy */ = {
			isa = PBXContainerItemProxy;
			containerPortal = 9382A0FB2CCA91330084D928 /* Project object */;
			proxyType = 1;
			remoteGlobalIDString = 9382A1172CCA91470084D928;
			remoteInfo = "watchos Watch App";
		};
/* End PBXContainerItemProxy section */

/* Begin PBXCopyFilesBuildPhase section */
		9382A1292CCA91480084D928 /* Embed Watch Content */ = {
			isa = PBXCopyFilesBuildPhase;
			buildActionMask = 2147483647;
			dstPath = "$(CONTENTS_FOLDER_PATH)/Watch";
			dstSubfolderSpec = 16;
			files = (
				9382A1252CCA91480084D928 /* watchos Watch App.app in Embed Watch Content */,
			);
			name = "Embed Watch Content";
			runOnlyForDeploymentPostprocessing = 0;
		};
/* End PBXCopyFilesBuildPhase section */

/* Begin PBXFileReference section */
		9368F52B2CCA9A3D00EB8AF2 /* ConnectivityProvider.swift */ = {isa = PBXFileReference; lastKnownFileType = sourcecode.swift; path = ConnectivityProvider.swift; sourceTree = "<group>"; };
		9368F52D2CCA9DCF00EB8AF2 /* BatteryMetricsViewModel.swift */ = {isa = PBXFileReference; lastKnownFileType = sourcecode.swift; path = BatteryMetricsViewModel.swift; sourceTree = "<group>"; };
		9368F52F2CCAA41800EB8AF2 /* GradientView.swift */ = {isa = PBXFileReference; lastKnownFileType = sourcecode.swift; path = GradientView.swift; sourceTree = "<group>"; };
		9382A1032CCA91330084D928 /* watch2.app */ = {isa = PBXFileReference; explicitFileType = wrapper.application; includeInIndex = 0; path = watch2.app; sourceTree = BUILT_PRODUCTS_DIR; };
		9382A1062CCA91330084D928 /* watch2App.swift */ = {isa = PBXFileReference; lastKnownFileType = sourcecode.swift; path = watch2App.swift; sourceTree = "<group>"; };
		9382A1082CCA91330084D928 /* ContentView.swift */ = {isa = PBXFileReference; lastKnownFileType = sourcecode.swift; path = ContentView.swift; sourceTree = "<group>"; };
		9382A10A2CCA91340084D928 /* Assets.xcassets */ = {isa = PBXFileReference; lastKnownFileType = folder.assetcatalog; path = Assets.xcassets; sourceTree = "<group>"; };
		9382A10D2CCA91340084D928 /* Preview Assets.xcassets */ = {isa = PBXFileReference; lastKnownFileType = folder.assetcatalog; path = "Preview Assets.xcassets"; sourceTree = "<group>"; };
		9382A1182CCA91470084D928 /* watchos Watch App.app */ = {isa = PBXFileReference; explicitFileType = wrapper.application; includeInIndex = 0; path = "watchos Watch App.app"; sourceTree = BUILT_PRODUCTS_DIR; };
		9382A11A2CCA91470084D928 /* watchosApp.swift */ = {isa = PBXFileReference; lastKnownFileType = sourcecode.swift; path = watchosApp.swift; sourceTree = "<group>"; };
		9382A11C2CCA91470084D928 /* ContentView.swift */ = {isa = PBXFileReference; lastKnownFileType = sourcecode.swift; path = ContentView.swift; sourceTree = "<group>"; };
		9382A11E2CCA91480084D928 /* Assets.xcassets */ = {isa = PBXFileReference; lastKnownFileType = folder.assetcatalog; path = Assets.xcassets; sourceTree = "<group>"; };
		9382A1212CCA91480084D928 /* Preview Assets.xcassets */ = {isa = PBXFileReference; lastKnownFileType = folder.assetcatalog; path = "Preview Assets.xcassets"; sourceTree = "<group>"; };
		9382A12A2CCA91880084D928 /* SliderControlView.swift */ = {isa = PBXFileReference; lastKnownFileType = sourcecode.swift; path = SliderControlView.swift; sourceTree = "<group>"; };
		9382A12C2CCA922F0084D928 /* ConnectivityProvider.swift */ = {isa = PBXFileReference; lastKnownFileType = sourcecode.swift; path = ConnectivityProvider.swift; sourceTree = "<group>"; };
		9382A12E2CCA92550084D928 /* BatteryMetricsView.swift */ = {isa = PBXFileReference; lastKnownFileType = sourcecode.swift; path = BatteryMetricsView.swift; sourceTree = "<group>"; };
/* End PBXFileReference section */

/* Begin PBXFrameworksBuildPhase section */
		9382A1002CCA91330084D928 /* Frameworks */ = {
			isa = PBXFrameworksBuildPhase;
			buildActionMask = 2147483647;
			files = (
			);
			runOnlyForDeploymentPostprocessing = 0;
		};
		9382A1152CCA91470084D928 /* Frameworks */ = {
			isa = PBXFrameworksBuildPhase;
			buildActionMask = 2147483647;
			files = (
			);
			runOnlyForDeploymentPostprocessing = 0;
		};
/* End PBXFrameworksBuildPhase section */

/* Begin PBXGroup section */
		9382A0FA2CCA91330084D928 = {
			isa = PBXGroup;
			children = (
				9382A1052CCA91330084D928 /* watch2 */,
				9382A1192CCA91470084D928 /* watchos Watch App */,
				9382A1042CCA91330084D928 /* Products */,
			);
			sourceTree = "<group>";
		};
		9382A1042CCA91330084D928 /* Products */ = {
			isa = PBXGroup;
			children = (
				9382A1032CCA91330084D928 /* watch2.app */,
				9382A1182CCA91470084D928 /* watchos Watch App.app */,
			);
			name = Products;
			sourceTree = "<group>";
		};
		9382A1052CCA91330084D928 /* watch2 */ = {
			isa = PBXGroup;
			children = (
				9382A1062CCA91330084D928 /* watch2App.swift */,
				9382A1082CCA91330084D928 /* ContentView.swift */,
				9382A10A2CCA91340084D928 /* Assets.xcassets */,
				9382A10C2CCA91340084D928 /* Preview Content */,
				9382A12A2CCA91880084D928 /* SliderControlView.swift */,
				9382A12C2CCA922F0084D928 /* ConnectivityProvider.swift */,
			);
			path = watch2;
			sourceTree = "<group>";
		};
		9382A10C2CCA91340084D928 /* Preview Content */ = {
			isa = PBXGroup;
			children = (
				9382A10D2CCA91340084D928 /* Preview Assets.xcassets */,
			);
			path = "Preview Content";
			sourceTree = "<group>";
		};
		9382A1192CCA91470084D928 /* watchos Watch App */ = {
			isa = PBXGroup;
			children = (
				9382A11A2CCA91470084D928 /* watchosApp.swift */,
				9382A11C2CCA91470084D928 /* ContentView.swift */,
				9382A11E2CCA91480084D928 /* Assets.xcassets */,
				9382A1202CCA91480084D928 /* Preview Content */,
				9382A12E2CCA92550084D928 /* BatteryMetricsView.swift */,
				9368F52B2CCA9A3D00EB8AF2 /* ConnectivityProvider.swift */,
				9368F52D2CCA9DCF00EB8AF2 /* BatteryMetricsViewModel.swift */,
				9368F52F2CCAA41800EB8AF2 /* GradientView.swift */,
			);
			path = "watchos Watch App";
			sourceTree = "<group>";
		};
		9382A1202CCA91480084D928 /* Preview Content */ = {
			isa = PBXGroup;
			children = (
				9382A1212CCA91480084D928 /* Preview Assets.xcassets */,
			);
			path = "Preview Content";
			sourceTree = "<group>";
		};
/* End PBXGroup section */

/* Begin PBXNativeTarget section */
		9382A1022CCA91330084D928 /* watch2 */ = {
			isa = PBXNativeTarget;
			buildConfigurationList = 9382A1112CCA91340084D928 /* Build configuration list for PBXNativeTarget "watch2" */;
			buildPhases = (
				9382A0FF2CCA91330084D928 /* Sources */,
				9382A1002CCA91330084D928 /* Frameworks */,
				9382A1012CCA91330084D928 /* Resources */,
				9382A1292CCA91480084D928 /* Embed Watch Content */,
			);
			buildRules = (
			);
			dependencies = (
				9382A1242CCA91480084D928 /* PBXTargetDependency */,
			);
			name = watch2;
			productName = watch2;
			productReference = 9382A1032CCA91330084D928 /* watch2.app */;
			productType = "com.apple.product-type.application";
		};
		9382A1172CCA91470084D928 /* watchos Watch App */ = {
			isa = PBXNativeTarget;
			buildConfigurationList = 9382A1262CCA91480084D928 /* Build configuration list for PBXNativeTarget "watchos Watch App" */;
			buildPhases = (
				9382A1142CCA91470084D928 /* Sources */,
				9382A1152CCA91470084D928 /* Frameworks */,
				9382A1162CCA91470084D928 /* Resources */,
			);
			buildRules = (
			);
			dependencies = (
			);
			name = "watchos Watch App";
			productName = "watchos Watch App";
			productReference = 9382A1182CCA91470084D928 /* watchos Watch App.app */;
			productType = "com.apple.product-type.application";
		};
/* End PBXNativeTarget section */

/* Begin PBXProject section */
		9382A0FB2CCA91330084D928 /* Project object */ = {
			isa = PBXProject;
			attributes = {
				BuildIndependentTargetsInParallel = 1;
				LastSwiftUpdateCheck = 1520;
				LastUpgradeCheck = 1600;
				TargetAttributes = {
					9382A1022CCA91330084D928 = {
						CreatedOnToolsVersion = 15.2;
					};
					9382A1172CCA91470084D928 = {
						CreatedOnToolsVersion = 15.2;
					};
				};
			};
			buildConfigurationList = 9382A0FE2CCA91330084D928 /* Build configuration list for PBXProject "watch2" */;
			compatibilityVersion = "Xcode 14.0";
			developmentRegion = en;
			hasScannedForEncodings = 0;
			knownRegions = (
				en,
				Base,
			);
			mainGroup = 9382A0FA2CCA91330084D928;
			productRefGroup = 9382A1042CCA91330084D928 /* Products */;
			projectDirPath = "";
			projectRoot = "";
			targets = (
				9382A1022CCA91330084D928 /* watch2 */,
				9382A1172CCA91470084D928 /* watchos Watch App */,
			);
		};
/* End PBXProject section */

/* Begin PBXResourcesBuildPhase section */
		9382A1012CCA91330084D928 /* Resources */ = {
			isa = PBXResourcesBuildPhase;
			buildActionMask = 2147483647;
			files = (
				9382A10E2CCA91340084D928 /* Preview Assets.xcassets in Resources */,
				9382A10B2CCA91340084D928 /* Assets.xcassets in Resources */,
			);
			runOnlyForDeploymentPostprocessing = 0;
		};
		9382A1162CCA91470084D928 /* Resources */ = {
			isa = PBXResourcesBuildPhase;
			buildActionMask = 2147483647;
			files = (
				9382A1222CCA91480084D928 /* Preview Assets.xcassets in Resources */,
				9382A11F2CCA91480084D928 /* Assets.xcassets in Resources */,
			);
			runOnlyForDeploymentPostprocessing = 0;
		};
/* End PBXResourcesBuildPhase section */

/* Begin PBXSourcesBuildPhase section */
		9382A0FF2CCA91330084D928 /* Sources */ = {
			isa = PBXSourcesBuildPhase;
			buildActionMask = 2147483647;
			files = (
				9382A1092CCA91330084D928 /* ContentView.swift in Sources */,
				9382A1072CCA91330084D928 /* watch2App.swift in Sources */,
				9382A12B2CCA91880084D928 /* SliderControlView.swift in Sources */,
				9382A12D2CCA922F0084D928 /* ConnectivityProvider.swift in Sources */,
			);
			runOnlyForDeploymentPostprocessing = 0;
		};
		9382A1142CCA91470084D928 /* Sources */ = {
			isa = PBXSourcesBuildPhase;
			buildActionMask = 2147483647;
			files = (
				9368F52E2CCA9DCF00EB8AF2 /* BatteryMetricsViewModel.swift in Sources */,
				9382A12F2CCA92550084D928 /* BatteryMetricsView.swift in Sources */,
				9368F5302CCAA41800EB8AF2 /* GradientView.swift in Sources */,
				9382A11D2CCA91470084D928 /* ContentView.swift in Sources */,
				9368F52C2CCA9A3D00EB8AF2 /* ConnectivityProvider.swift in Sources */,
				9382A11B2CCA91470084D928 /* watchosApp.swift in Sources */,
			);
			runOnlyForDeploymentPostprocessing = 0;
		};
/* End PBXSourcesBuildPhase section */

/* Begin PBXTargetDependency section */
		9382A1242CCA91480084D928 /* PBXTargetDependency */ = {
			isa = PBXTargetDependency;
			target = 9382A1172CCA91470084D928 /* watchos Watch App */;
			targetProxy = 9382A1232CCA91480084D928 /* PBXContainerItemProxy */;
		};
/* End PBXTargetDependency section */

/* Begin XCBuildConfiguration section */
		9382A10F2CCA91340084D928 /* Debug */ = {
			isa = XCBuildConfiguration;
			buildSettings = {
				ALWAYS_SEARCH_USER_PATHS = NO;
				ASSETCATALOG_COMPILER_GENERATE_SWIFT_ASSET_SYMBOL_EXTENSIONS = YES;
				CLANG_ANALYZER_NONNULL = YES;
				CLANG_ANALYZER_NUMBER_OBJECT_CONVERSION = YES_AGGRESSIVE;
				CLANG_CXX_LANGUAGE_STANDARD = "gnu++20";
				CLANG_ENABLE_MODULES = YES;
				CLANG_ENABLE_OBJC_ARC = YES;
				CLANG_ENABLE_OBJC_WEAK = YES;
				CLANG_WARN_BLOCK_CAPTURE_AUTORELEASING = YES;
				CLANG_WARN_BOOL_CONVERSION = YES;
				CLANG_WARN_COMMA = YES;
				CLANG_WARN_CONSTANT_CONVERSION = YES;
				CLANG_WARN_DEPRECATED_OBJC_IMPLEMENTATIONS = YES;
				CLANG_WARN_DIRECT_OBJC_ISA_USAGE = YES_ERROR;
				CLANG_WARN_DOCUMENTATION_COMMENTS = YES;
				CLANG_WARN_EMPTY_BODY = YES;
				CLANG_WARN_ENUM_CONVERSION = YES;
				CLANG_WARN_INFINITE_RECURSION = YES;
				CLANG_WARN_INT_CONVERSION = YES;
				CLANG_WARN_NON_LITERAL_NULL_CONVERSION = YES;
				CLANG_WARN_OBJC_IMPLICIT_RETAIN_SELF = YES;
				CLANG_WARN_OBJC_LITERAL_CONVERSION = YES;
				CLANG_WARN_OBJC_ROOT_CLASS = YES_ERROR;
				CLANG_WARN_QUOTED_INCLUDE_IN_FRAMEWORK_HEADER = YES;
				CLANG_WARN_RANGE_LOOP_ANALYSIS = YES;
				CLANG_WARN_STRICT_PROTOTYPES = YES;
				CLANG_WARN_SUSPICIOUS_MOVE = YES;
				CLANG_WARN_UNGUARDED_AVAILABILITY = YES_AGGRESSIVE;
				CLANG_WARN_UNREACHABLE_CODE = YES;
				CLANG_WARN__DUPLICATE_METHOD_MATCH = YES;
				COPY_PHASE_STRIP = NO;
				DEBUG_INFORMATION_FORMAT = dwarf;
				ENABLE_STRICT_OBJC_MSGSEND = YES;
				ENABLE_TESTABILITY = YES;
				ENABLE_USER_SCRIPT_SANDBOXING = YES;
				GCC_C_LANGUAGE_STANDARD = gnu17;
				GCC_DYNAMIC_NO_PIC = NO;
				GCC_NO_COMMON_BLOCKS = YES;
				GCC_OPTIMIZATION_LEVEL = 0;
				GCC_PREPROCESSOR_DEFINITIONS = (
					"DEBUG=1",
					"$(inherited)",
				);
				GCC_WARN_64_TO_32_BIT_CONVERSION = YES;
				GCC_WARN_ABOUT_RETURN_TYPE = YES_ERROR;
				GCC_WARN_UNDECLARED_SELECTOR = YES;
				GCC_WARN_UNINITIALIZED_AUTOS = YES_AGGRESSIVE;
				GCC_WARN_UNUSED_FUNCTION = YES;
				GCC_WARN_UNUSED_VARIABLE = YES;
				IPHONEOS_DEPLOYMENT_TARGET = 17.2;
				LOCALIZATION_PREFERS_STRING_CATALOGS = YES;
				MTL_ENABLE_DEBUG_INFO = INCLUDE_SOURCE;
				MTL_FAST_MATH = YES;
				ONLY_ACTIVE_ARCH = YES;
				SDKROOT = iphoneos;
				SWIFT_ACTIVE_COMPILATION_CONDITIONS = "DEBUG $(inherited)";
				SWIFT_OPTIMIZATION_LEVEL = "-Onone";
			};
			name = Debug;
		};
		9382A1102CCA91340084D928 /* Release */ = {
			isa = XCBuildConfiguration;
			buildSettings = {
				ALWAYS_SEARCH_USER_PATHS = NO;
				ASSETCATALOG_COMPILER_GENERATE_SWIFT_ASSET_SYMBOL_EXTENSIONS = YES;
				CLANG_ANALYZER_NONNULL = YES;
				CLANG_ANALYZER_NUMBER_OBJECT_CONVERSION = YES_AGGRESSIVE;
				CLANG_CXX_LANGUAGE_STANDARD = "gnu++20";
				CLANG_ENABLE_MODULES = YES;
				CLANG_ENABLE_OBJC_ARC = YES;
				CLANG_ENABLE_OBJC_WEAK = YES;
				CLANG_WARN_BLOCK_CAPTURE_AUTORELEASING = YES;
				CLANG_WARN_BOOL_CONVERSION = YES;
				CLANG_WARN_COMMA = YES;
				CLANG_WARN_CONSTANT_CONVERSION = YES;
				CLANG_WARN_DEPRECATED_OBJC_IMPLEMENTATIONS = YES;
				CLANG_WARN_DIRECT_OBJC_ISA_USAGE = YES_ERROR;
				CLANG_WARN_DOCUMENTATION_COMMENTS = YES;
				CLANG_WARN_EMPTY_BODY = YES;
				CLANG_WARN_ENUM_CONVERSION = YES;
				CLANG_WARN_INFINITE_RECURSION = YES;
				CLANG_WARN_INT_CONVERSION = YES;
				CLANG_WARN_NON_LITERAL_NULL_CONVERSION = YES;
				CLANG_WARN_OBJC_IMPLICIT_RETAIN_SELF = YES;
				CLANG_WARN_OBJC_LITERAL_CONVERSION = YES;
				CLANG_WARN_OBJC_ROOT_CLASS = YES_ERROR;
				CLANG_WARN_QUOTED_INCLUDE_IN_FRAMEWORK_HEADER = YES;
				CLANG_WARN_RANGE_LOOP_ANALYSIS = YES;
				CLANG_WARN_STRICT_PROTOTYPES = YES;
				CLANG_WARN_SUSPICIOUS_MOVE = YES;
				CLANG_WARN_UNGUARDED_AVAILABILITY = YES_AGGRESSIVE;
				CLANG_WARN_UNREACHABLE_CODE = YES;
				CLANG_WARN__DUPLICATE_METHOD_MATCH = YES;
				COPY_PHASE_STRIP = NO;
				DEBUG_INFORMATION_FORMAT = "dwarf-with-dsym";
				ENABLE_NS_ASSERTIONS = NO;
				ENABLE_STRICT_OBJC_MSGSEND = YES;
				ENABLE_USER_SCRIPT_SANDBOXING = YES;
				GCC_C_LANGUAGE_STANDARD = gnu17;
				GCC_NO_COMMON_BLOCKS = YES;
				GCC_WARN_64_TO_32_BIT_CONVERSION = YES;
				GCC_WARN_ABOUT_RETURN_TYPE = YES_ERROR;
				GCC_WARN_UNDECLARED_SELECTOR = YES;
				GCC_WARN_UNINITIALIZED_AUTOS = YES_AGGRESSIVE;
				GCC_WARN_UNUSED_FUNCTION = YES;
				GCC_WARN_UNUSED_VARIABLE = YES;
				IPHONEOS_DEPLOYMENT_TARGET = 17.2;
				LOCALIZATION_PREFERS_STRING_CATALOGS = YES;
				MTL_ENABLE_DEBUG_INFO = NO;
				MTL_FAST_MATH = YES;
				SDKROOT = iphoneos;
				SWIFT_COMPILATION_MODE = wholemodule;
				VALIDATE_PRODUCT = YES;
			};
			name = Release;
		};
		9382A1122CCA91340084D928 /* Debug */ = {
			isa = XCBuildConfiguration;
			buildSettings = {
				ASSETCATALOG_COMPILER_APPICON_NAME = AppIcon;
				ASSETCATALOG_COMPILER_GLOBAL_ACCENT_COLOR_NAME = AccentColor;
				CODE_SIGN_IDENTITY = "Apple Development";
				"CODE_SIGN_IDENTITY[sdk=iphoneos*]" = "iPhone Distribution";
				CODE_SIGN_STYLE = Manual;
				CURRENT_PROJECT_VERSION = 1;
				DEVELOPMENT_ASSET_PATHS = "\"watch2/Preview Content\"";
				DEVELOPMENT_TEAM = "";
				"DEVELOPMENT_TEAM[sdk=iphoneos*]" = QTPLA32M4G;
				ENABLE_PREVIEWS = YES;
				GENERATE_INFOPLIST_FILE = YES;
				INFOPLIST_KEY_UIApplicationSceneManifest_Generation = YES;
				INFOPLIST_KEY_UIApplicationSupportsIndirectInputEvents = YES;
				INFOPLIST_KEY_UILaunchScreen_Generation = YES;
				INFOPLIST_KEY_UISupportedInterfaceOrientations_iPad = "UIInterfaceOrientationPortrait UIInterfaceOrientationPortraitUpsideDown UIInterfaceOrientationLandscapeLeft UIInterfaceOrientationLandscapeRight";
				INFOPLIST_KEY_UISupportedInterfaceOrientations_iPhone = "UIInterfaceOrientationPortrait UIInterfaceOrientationLandscapeLeft UIInterfaceOrientationLandscapeRight";
				LD_RUNPATH_SEARCH_PATHS = (
					"$(inherited)",
					"@executable_path/Frameworks",
				);
				MARKETING_VERSION = 1.0;
				PRODUCT_BUNDLE_IDENTIFIER = com.takeru.kogawa.demo.watch;
				PRODUCT_NAME = "$(TARGET_NAME)";
				PROVISIONING_PROFILE_SPECIFIER = "";
				"PROVISIONING_PROFILE_SPECIFIER[sdk=iphoneos*]" = "demo watch monitor";
				SWIFT_EMIT_LOC_STRINGS = YES;
				SWIFT_VERSION = 5.0;
				TARGETED_DEVICE_FAMILY = "1,2";
			};
			name = Debug;
		};
		9382A1132CCA91340084D928 /* Release */ = {
			isa = XCBuildConfiguration;
			buildSettings = {
				ASSETCATALOG_COMPILER_APPICON_NAME = AppIcon;
				ASSETCATALOG_COMPILER_GLOBAL_ACCENT_COLOR_NAME = AccentColor;
				CODE_SIGN_IDENTITY = "Apple Development";
				"CODE_SIGN_IDENTITY[sdk=iphoneos*]" = "iPhone Distribution";
				CODE_SIGN_STYLE = Manual;
				CURRENT_PROJECT_VERSION = 1;
				DEVELOPMENT_ASSET_PATHS = "\"watch2/Preview Content\"";
				DEVELOPMENT_TEAM = "";
				"DEVELOPMENT_TEAM[sdk=iphoneos*]" = QTPLA32M4G;
				ENABLE_PREVIEWS = YES;
				GENERATE_INFOPLIST_FILE = YES;
				INFOPLIST_KEY_UIApplicationSceneManifest_Generation = YES;
				INFOPLIST_KEY_UIApplicationSupportsIndirectInputEvents = YES;
				INFOPLIST_KEY_UILaunchScreen_Generation = YES;
				INFOPLIST_KEY_UISupportedInterfaceOrientations_iPad = "UIInterfaceOrientationPortrait UIInterfaceOrientationPortraitUpsideDown UIInterfaceOrientationLandscapeLeft UIInterfaceOrientationLandscapeRight";
				INFOPLIST_KEY_UISupportedInterfaceOrientations_iPhone = "UIInterfaceOrientationPortrait UIInterfaceOrientationLandscapeLeft UIInterfaceOrientationLandscapeRight";
				LD_RUNPATH_SEARCH_PATHS = (
					"$(inherited)",
					"@executable_path/Frameworks",
				);
				MARKETING_VERSION = 1.0;
				PRODUCT_BUNDLE_IDENTIFIER = com.takeru.kogawa.demo.watch;
				PRODUCT_NAME = "$(TARGET_NAME)";
				PROVISIONING_PROFILE_SPECIFIER = "";
				"PROVISIONING_PROFILE_SPECIFIER[sdk=iphoneos*]" = "demo watch monitor";
				SWIFT_EMIT_LOC_STRINGS = YES;
				SWIFT_VERSION = 5.0;
				TARGETED_DEVICE_FAMILY = "1,2";
			};
			name = Release;
		};
		9382A1272CCA91480084D928 /* Debug */ = {
			isa = XCBuildConfiguration;
			buildSettings = {
				ASSETCATALOG_COMPILER_APPICON_NAME = AppIcon;
				ASSETCATALOG_COMPILER_GLOBAL_ACCENT_COLOR_NAME = AccentColor;
				CODE_SIGN_IDENTITY = "Apple Development";
				"CODE_SIGN_IDENTITY[sdk=watchos*]" = "iPhone Distribution";
				CODE_SIGN_STYLE = Manual;
				CURRENT_PROJECT_VERSION = 1;
				DEVELOPMENT_ASSET_PATHS = "\"watchos Watch App/Preview Content\"";
				DEVELOPMENT_TEAM = "";
				"DEVELOPMENT_TEAM[sdk=watchos*]" = QTPLA32M4G;
				ENABLE_PREVIEWS = YES;
				GENERATE_INFOPLIST_FILE = YES;
				INFOPLIST_KEY_CFBundleDisplayName = watchos;
				INFOPLIST_KEY_UISupportedInterfaceOrientations = "UIInterfaceOrientationPortrait UIInterfaceOrientationPortraitUpsideDown";
				INFOPLIST_KEY_WKCompanionAppBundleIdentifier = com.takeru.kogawa.demo.watch;
				LD_RUNPATH_SEARCH_PATHS = (
					"$(inherited)",
					"@executable_path/Frameworks",
				);
				MARKETING_VERSION = 1.0;
				PRODUCT_BUNDLE_IDENTIFIER = com.takeru.kogawa.demo.watch.app;
				PRODUCT_NAME = "$(TARGET_NAME)";
				PROVISIONING_PROFILE_SPECIFIER = "";
				"PROVISIONING_PROFILE_SPECIFIER[sdk=watchos*]" = "demo watch app";
				SDKROOT = watchos;
				SKIP_INSTALL = YES;
				SWIFT_EMIT_LOC_STRINGS = YES;
				SWIFT_VERSION = 5.0;
				TARGETED_DEVICE_FAMILY = 4;
				WATCHOS_DEPLOYMENT_TARGET = 10.2;
			};
			name = Debug;
		};
		9382A1282CCA91480084D928 /* Release */ = {
			isa = XCBuildConfiguration;
			buildSettings = {
				ASSETCATALOG_COMPILER_APPICON_NAME = AppIcon;
				ASSETCATALOG_COMPILER_GLOBAL_ACCENT_COLOR_NAME = AccentColor;
				CODE_SIGN_IDENTITY = "Apple Development";
				"CODE_SIGN_IDENTITY[sdk=watchos*]" = "iPhone Distribution";
				CODE_SIGN_STYLE = Manual;
				CURRENT_PROJECT_VERSION = 1;
				DEVELOPMENT_ASSET_PATHS = "\"watchos Watch App/Preview Content\"";
				DEVELOPMENT_TEAM = "";
				"DEVELOPMENT_TEAM[sdk=watchos*]" = QTPLA32M4G;
				ENABLE_PREVIEWS = YES;
				GENERATE_INFOPLIST_FILE = YES;
				INFOPLIST_KEY_CFBundleDisplayName = watchos;
				INFOPLIST_KEY_UISupportedInterfaceOrientations = "UIInterfaceOrientationPortrait UIInterfaceOrientationPortraitUpsideDown";
				INFOPLIST_KEY_WKCompanionAppBundleIdentifier = com.takeru.kogawa.demo.watch;
				LD_RUNPATH_SEARCH_PATHS = (
					"$(inherited)",
					"@executable_path/Frameworks",
				);
				MARKETING_VERSION = 1.0;
				PRODUCT_BUNDLE_IDENTIFIER = com.takeru.kogawa.demo.watch.app;
				PRODUCT_NAME = "$(TARGET_NAME)";
				PROVISIONING_PROFILE_SPECIFIER = "";
				"PROVISIONING_PROFILE_SPECIFIER[sdk=watchos*]" = "demo watch app";
				SDKROOT = watchos;
				SKIP_INSTALL = YES;
				SWIFT_EMIT_LOC_STRINGS = YES;
				SWIFT_VERSION = 5.0;
				TARGETED_DEVICE_FAMILY = 4;
				WATCHOS_DEPLOYMENT_TARGET = 10.2;
			};
			name = Release;
		};
/* End XCBuildConfiguration section */

/* Begin XCConfigurationList section */
		9382A0FE2CCA91330084D928 /* Build configuration list for PBXProject "watch2" */ = {
			isa = XCConfigurationList;
			buildConfigurations = (
				9382A10F2CCA91340084D928 /* Debug */,
				9382A1102CCA91340084D928 /* Release */,
			);
			defaultConfigurationIsVisible = 0;
			defaultConfigurationName = Release;
		};
		9382A1112CCA91340084D928 /* Build configuration list for PBXNativeTarget "watch2" */ = {
			isa = XCConfigurationList;
			buildConfigurations = (
				9382A1122CCA91340084D928 /* Debug */,
				9382A1132CCA91340084D928 /* Release */,
			);
			defaultConfigurationIsVisible = 0;
			defaultConfigurationName = Release;
		};
		9382A1262CCA91480084D928 /* Build configuration list for PBXNativeTarget "watchos Watch App" */ = {
			isa = XCConfigurationList;
			buildConfigurations = (
				9382A1272CCA91480084D928 /* Debug */,
				9382A1282CCA91480084D928 /* Release */,
			);
			defaultConfigurationIsVisible = 0;
			defaultConfigurationName = Release;
		};
/* End XCConfigurationList section */
	};
	rootObject = 9382A0FB2CCA91330084D928 /* Project object */;
}
